
Microsoft Visual Studio Solution File, Format Version 12.00
# Visual Studio 15
VisualStudioVersion = 15.0.27130.2036
MinimumVisualStudioVersion = 10.0.40219.1
Project("{FAE04EC0-301F-11D3-BF4B-00C04F79EFBC}") = "grant121_quickcode", "grant121_quickcode\grant121_quickcode.csproj", "{5A7BADF7-6219-441C-8274-982B962EBA40}"
EndProject
Global
	GlobalSection(SolutionConfigurationPlatforms) = preSolution
		Debug|Any CPU = Debug|Any CPU
		Release|Any CPU = Release|Any CPU
	EndGlobalSection
	GlobalSection(ProjectConfigurationPlatforms) = postSolution
		{5A7BADF7-6219-441C-8274-982B962EBA40}.Debug|Any CPU.ActiveCfg = Debug|Any CPU
		{5A7BADF7-6219-441C-8274-982B962EBA40}.Debug|Any CPU.Build.0 = Debug|Any CPU
		{5A7BADF7-6219-441C-8274-982B962EBA40}.Release|Any CPU.ActiveCfg = Release|Any CPU
		{5A7BADF7-6219-441C-8274-982B962EBA40}.Release|Any CPU.Build.0 = Release|Any CPU
	EndGlobalSection
	GlobalSection(SolutionProperties) = preSolution
		HideSolutionNode = FALSE
	EndGlobalSection
	GlobalSection(ExtensibilityGlobals) = postSolution
		SolutionGuid = {0C05531F-59FE-4277-AE95-8FF05042C3BD}
	EndGlobalSection
EndGlobal
