
Microsoft Visual Studio Solution File, Format Version 12.00
# Visual Studio 15
VisualStudioVersion = 15.0.27428.1
MinimumVisualStudioVersion = 10.0.40219.1
Project("{FAE04EC0-301F-11D3-BF4B-00C04F79EFBC}") = "grant121_QuickCode_Polymorphism", "grant121_QuickCode_Polymorphism\grant121_QuickCode_Polymorphism.csproj", "{1EA2E66D-D17D-4B11-825F-7ED16E71BB21}"
EndProject
Global
	GlobalSection(SolutionConfigurationPlatforms) = preSolution
		Debug|Any CPU = Debug|Any CPU
		Release|Any CPU = Release|Any CPU
	EndGlobalSection
	GlobalSection(ProjectConfigurationPlatforms) = postSolution
		{1EA2E66D-D17D-4B11-825F-7ED16E71BB21}.Debug|Any CPU.ActiveCfg = Debug|Any CPU
		{1EA2E66D-D17D-4B11-825F-7ED16E71BB21}.Debug|Any CPU.Build.0 = Debug|Any CPU
		{1EA2E66D-D17D-4B11-825F-7ED16E71BB21}.Release|Any CPU.ActiveCfg = Release|Any CPU
		{1EA2E66D-D17D-4B11-825F-7ED16E71BB21}.Release|Any CPU.Build.0 = Release|Any CPU
	EndGlobalSection
	GlobalSection(SolutionProperties) = preSolution
		HideSolutionNode = FALSE
	EndGlobalSection
	GlobalSection(ExtensibilityGlobals) = postSolution
		SolutionGuid = {764C00B1-F41E-4DAE-B0A8-C6B45560CD16}
	EndGlobalSection
EndGlobal
